
Microsoft Visual Studio Solution File, Format Version 12.00
# Visual Studio 14
VisualStudioVersion = 14.0.25123.0
MinimumVisualStudioVersion = 10.0.40219.1
Project("{FAE04EC0-301F-11D3-BF4B-00C04F79EFBC}") = "Web", "Web\Web.csproj", "{A90E8CCF-056C-48DC-86F6-8BC4B8C23A81}"
EndProject
Project("{FAE04EC0-301F-11D3-BF4B-00C04F79EFBC}") = "Roger.Tests", "Roger.Tests\Roger.Tests.csproj", "{3BC6AF16-1DE6-4459-AF51-A848520D91EF}"
EndProject
Global
	GlobalSection(SolutionConfigurationPlatforms) = preSolution
		Debug|Any CPU = Debug|Any CPU
		Release|Any CPU = Release|Any CPU
	EndGlobalSection
	GlobalSection(ProjectConfigurationPlatforms) = postSolution
		{A90E8CCF-056C-48DC-86F6-8BC4B8C23A81}.Debug|Any CPU.ActiveCfg = Debug|Any CPU
		{A90E8CCF-056C-48DC-86F6-8BC4B8C23A81}.Debug|Any CPU.Build.0 = Debug|Any CPU
		{A90E8CCF-056C-48DC-86F6-8BC4B8C23A81}.Release|Any CPU.ActiveCfg = Release|Any CPU
		{A90E8CCF-056C-48DC-86F6-8BC4B8C23A81}.Release|Any CPU.Build.0 = Release|Any CPU
		{3BC6AF16-1DE6-4459-AF51-A848520D91EF}.Debug|Any CPU.ActiveCfg = Debug|Any CPU
		{3BC6AF16-1DE6-4459-AF51-A848520D91EF}.Debug|Any CPU.Build.0 = Debug|Any CPU
		{3BC6AF16-1DE6-4459-AF51-A848520D91EF}.Release|Any CPU.ActiveCfg = Release|Any CPU
		{3BC6AF16-1DE6-4459-AF51-A848520D91EF}.Release|Any CPU.Build.0 = Release|Any CPU
	EndGlobalSection
	GlobalSection(SolutionProperties) = preSolution
		HideSolutionNode = FALSE
	EndGlobalSection
EndGlobal
